
Microsoft Visual Studio Solution File, Format Version 12.00
# Visual Studio Version 16
VisualStudioVersion = 16.0.30804.86
MinimumVisualStudioVersion = 10.0.40219.1
Project("{FAE04EC0-301F-11D3-BF4B-00C04F79EFBC}") = "cybernetV1", "cybernetV1\cybernetV1.csproj", "{056EF618-E02B-487D-9811-A52A971B2D09}"
EndProject
Global
	GlobalSection(SolutionConfigurationPlatforms) = preSolution
		Debug|Any CPU = Debug|Any CPU
		Release|Any CPU = Release|Any CPU
	EndGlobalSection
	GlobalSection(ProjectConfigurationPlatforms) = postSolution
		{056EF618-E02B-487D-9811-A52A971B2D09}.Debug|Any CPU.ActiveCfg = Debug|Any CPU
		{056EF618-E02B-487D-9811-A52A971B2D09}.Debug|Any CPU.Build.0 = Debug|Any CPU
		{056EF618-E02B-487D-9811-A52A971B2D09}.Release|Any CPU.ActiveCfg = Release|Any CPU
		{056EF618-E02B-487D-9811-A52A971B2D09}.Release|Any CPU.Build.0 = Release|Any CPU
	EndGlobalSection
	GlobalSection(SolutionProperties) = preSolution
		HideSolutionNode = FALSE
	EndGlobalSection
	GlobalSection(ExtensibilityGlobals) = postSolution
		SolutionGuid = {0EFEBBC7-DC3D-42EE-B28B-F2AD18F241CF}
	EndGlobalSection
EndGlobal
